
Microsoft Visual Studio Solution File, Format Version 12.00
# Visual Studio Version 17
VisualStudioVersion = 17.9.34622.214
MinimumVisualStudioVersion = 10.0.40219.1
Project("{FAE04EC0-301F-11D3-BF4B-00C04F79EFBC}") = "OkulMvc", "OkulMvc\OkulMvc.csproj", "{20E84BF9-68EC-40C3-8A73-A3B6BC06DB97}"
EndProject
Global
	GlobalSection(SolutionConfigurationPlatforms) = preSolution
		Debug|Any CPU = Debug|Any CPU
		Release|Any CPU = Release|Any CPU
	EndGlobalSection
	GlobalSection(ProjectConfigurationPlatforms) = postSolution
		{20E84BF9-68EC-40C3-8A73-A3B6BC06DB97}.Debug|Any CPU.ActiveCfg = Debug|Any CPU
		{20E84BF9-68EC-40C3-8A73-A3B6BC06DB97}.Debug|Any CPU.Build.0 = Debug|Any CPU
		{20E84BF9-68EC-40C3-8A73-A3B6BC06DB97}.Release|Any CPU.ActiveCfg = Release|Any CPU
		{20E84BF9-68EC-40C3-8A73-A3B6BC06DB97}.Release|Any CPU.Build.0 = Release|Any CPU
	EndGlobalSection
	GlobalSection(SolutionProperties) = preSolution
		HideSolutionNode = FALSE
	EndGlobalSection
	GlobalSection(ExtensibilityGlobals) = postSolution
		SolutionGuid = {3E85CD85-B9A8-44EC-B2F2-5DAEE96E0062}
	EndGlobalSection
EndGlobal
